
Microsoft Visual Studio Solution File, Format Version 12.00
# Visual Studio Version 16
VisualStudioVersion = 16.0.30320.27
MinimumVisualStudioVersion = 10.0.40219.1
Project("{FAE04EC0-301F-11D3-BF4B-00C04F79EFBC}") = "WAppi", "WAppi\WAppi.csproj", "{44C7A2A5-4581-42C3-9E1F-C6CAFA0F8299}"
EndProject
Global
	GlobalSection(SolutionConfigurationPlatforms) = preSolution
		Debug|Any CPU = Debug|Any CPU
		Release|Any CPU = Release|Any CPU
	EndGlobalSection
	GlobalSection(ProjectConfigurationPlatforms) = postSolution
		{44C7A2A5-4581-42C3-9E1F-C6CAFA0F8299}.Debug|Any CPU.ActiveCfg = Debug|Any CPU
		{44C7A2A5-4581-42C3-9E1F-C6CAFA0F8299}.Debug|Any CPU.Build.0 = Debug|Any CPU
		{44C7A2A5-4581-42C3-9E1F-C6CAFA0F8299}.Release|Any CPU.ActiveCfg = Release|Any CPU
		{44C7A2A5-4581-42C3-9E1F-C6CAFA0F8299}.Release|Any CPU.Build.0 = Release|Any CPU
	EndGlobalSection
	GlobalSection(SolutionProperties) = preSolution
		HideSolutionNode = FALSE
	EndGlobalSection
	GlobalSection(ExtensibilityGlobals) = postSolution
		SolutionGuid = {71FE0AA8-62FF-4191-AF73-5C4EF06C9BA1}
	EndGlobalSection
EndGlobal
